
Microsoft Visual Studio Solution File, Format Version 12.00
# Visual Studio Version 16
VisualStudioVersion = 16.0.30413.136
MinimumVisualStudioVersion = 10.0.40219.1
Project("{FAE04EC0-301F-11D3-BF4B-00C04F79EFBC}") = "SegundoParcialPooEmilianoAndrada", "SegundoParcialPooEmilianoAndrada\SegundoParcialPooEmilianoAndrada.csproj", "{A275A5EE-4850-482D-B3A8-01C6DA398FB0}"
EndProject
Global
	GlobalSection(SolutionConfigurationPlatforms) = preSolution
		Debug|Any CPU = Debug|Any CPU
		Release|Any CPU = Release|Any CPU
	EndGlobalSection
	GlobalSection(ProjectConfigurationPlatforms) = postSolution
		{A275A5EE-4850-482D-B3A8-01C6DA398FB0}.Debug|Any CPU.ActiveCfg = Debug|Any CPU
		{A275A5EE-4850-482D-B3A8-01C6DA398FB0}.Debug|Any CPU.Build.0 = Debug|Any CPU
		{A275A5EE-4850-482D-B3A8-01C6DA398FB0}.Release|Any CPU.ActiveCfg = Release|Any CPU
		{A275A5EE-4850-482D-B3A8-01C6DA398FB0}.Release|Any CPU.Build.0 = Release|Any CPU
	EndGlobalSection
	GlobalSection(SolutionProperties) = preSolution
		HideSolutionNode = FALSE
	EndGlobalSection
	GlobalSection(ExtensibilityGlobals) = postSolution
		SolutionGuid = {415E7ADA-4A85-4A32-9831-9881BC30897D}
	EndGlobalSection
EndGlobal
